
Microsoft Visual Studio Solution File, Format Version 12.00
# Visual Studio Version 16
VisualStudioVersion = 16.0.31402.337
MinimumVisualStudioVersion = 10.0.40219.1
Project("{9A19103F-16F7-4668-BE54-9A1E7A4F7556}") = "DevIO.Business", "src\DevIO.Business\DevIO.Business.csproj", "{F950D266-D65A-4B31-9375-60134F9EAF25}"
EndProject
Project("{9A19103F-16F7-4668-BE54-9A1E7A4F7556}") = "DevIO.Data", "src\DevIO.Data\DevIO.Data.csproj", "{2AC134C3-C0E7-47BF-8F6F-2F61731B560F}"
EndProject
Project("{FAE04EC0-301F-11D3-BF4B-00C04F79EFBC}") = "DevIO.Api", "DevIO.Api\DevIO.Api.csproj", "{550AFC34-935B-449A-93BD-1F69DFFD9DFC}"
EndProject
Global
	GlobalSection(SolutionConfigurationPlatforms) = preSolution
		Debug|Any CPU = Debug|Any CPU
		Release|Any CPU = Release|Any CPU
	EndGlobalSection
	GlobalSection(ProjectConfigurationPlatforms) = postSolution
		{F950D266-D65A-4B31-9375-60134F9EAF25}.Debug|Any CPU.ActiveCfg = Debug|Any CPU
		{F950D266-D65A-4B31-9375-60134F9EAF25}.Debug|Any CPU.Build.0 = Debug|Any CPU
		{F950D266-D65A-4B31-9375-60134F9EAF25}.Release|Any CPU.ActiveCfg = Release|Any CPU
		{F950D266-D65A-4B31-9375-60134F9EAF25}.Release|Any CPU.Build.0 = Release|Any CPU
		{2AC134C3-C0E7-47BF-8F6F-2F61731B560F}.Debug|Any CPU.ActiveCfg = Debug|Any CPU
		{2AC134C3-C0E7-47BF-8F6F-2F61731B560F}.Debug|Any CPU.Build.0 = Debug|Any CPU
		{2AC134C3-C0E7-47BF-8F6F-2F61731B560F}.Release|Any CPU.ActiveCfg = Release|Any CPU
		{2AC134C3-C0E7-47BF-8F6F-2F61731B560F}.Release|Any CPU.Build.0 = Release|Any CPU
		{550AFC34-935B-449A-93BD-1F69DFFD9DFC}.Debug|Any CPU.ActiveCfg = Debug|Any CPU
		{550AFC34-935B-449A-93BD-1F69DFFD9DFC}.Debug|Any CPU.Build.0 = Debug|Any CPU
		{550AFC34-935B-449A-93BD-1F69DFFD9DFC}.Release|Any CPU.ActiveCfg = Release|Any CPU
		{550AFC34-935B-449A-93BD-1F69DFFD9DFC}.Release|Any CPU.Build.0 = Release|Any CPU
	EndGlobalSection
	GlobalSection(SolutionProperties) = preSolution
		HideSolutionNode = FALSE
	EndGlobalSection
	GlobalSection(ExtensibilityGlobals) = postSolution
		SolutionGuid = {8E1563A8-3EAE-4EFB-9853-90D641A7ED9F}
	EndGlobalSection
EndGlobal
